
Microsoft Visual Studio Solution File, Format Version 12.00
# Visual Studio Version 16
VisualStudioVersion = 16.0.31729.503
MinimumVisualStudioVersion = 10.0.40219.1
Project("{FAE04EC0-301F-11D3-BF4B-00C04F79EFBC}") = "finalödevi", "finalödevi\finalödevi.csproj", "{6749789F-6059-4773-B5D5-72B5CA0D2B9A}"
EndProject
Global
	GlobalSection(SolutionConfigurationPlatforms) = preSolution
		Debug|Any CPU = Debug|Any CPU
		Release|Any CPU = Release|Any CPU
	EndGlobalSection
	GlobalSection(ProjectConfigurationPlatforms) = postSolution
		{6749789F-6059-4773-B5D5-72B5CA0D2B9A}.Debug|Any CPU.ActiveCfg = Debug|Any CPU
		{6749789F-6059-4773-B5D5-72B5CA0D2B9A}.Debug|Any CPU.Build.0 = Debug|Any CPU
		{6749789F-6059-4773-B5D5-72B5CA0D2B9A}.Release|Any CPU.ActiveCfg = Release|Any CPU
		{6749789F-6059-4773-B5D5-72B5CA0D2B9A}.Release|Any CPU.Build.0 = Release|Any CPU
	EndGlobalSection
	GlobalSection(SolutionProperties) = preSolution
		HideSolutionNode = FALSE
	EndGlobalSection
	GlobalSection(ExtensibilityGlobals) = postSolution
		SolutionGuid = {D6523553-9257-4CF8-B0DA-BBB3B8F39003}
	EndGlobalSection
EndGlobal
